
Microsoft Visual Studio Solution File, Format Version 12.00
# Visual Studio Version 16
VisualStudioVersion = 16.0.31424.327
MinimumVisualStudioVersion = 10.0.40219.1
Project("{FAE04EC0-301F-11D3-BF4B-00C04F79EFBC}") = "TimeReport", "TimeReport\TimeReport.csproj", "{EA9D1C91-A264-4FF5-A29E-1EE8720FF19A}"
EndProject
Global
	GlobalSection(SolutionConfigurationPlatforms) = preSolution
		Debug|Any CPU = Debug|Any CPU
		Release|Any CPU = Release|Any CPU
	EndGlobalSection
	GlobalSection(ProjectConfigurationPlatforms) = postSolution
		{EA9D1C91-A264-4FF5-A29E-1EE8720FF19A}.Debug|Any CPU.ActiveCfg = Debug|Any CPU
		{EA9D1C91-A264-4FF5-A29E-1EE8720FF19A}.Debug|Any CPU.Build.0 = Debug|Any CPU
		{EA9D1C91-A264-4FF5-A29E-1EE8720FF19A}.Release|Any CPU.ActiveCfg = Release|Any CPU
		{EA9D1C91-A264-4FF5-A29E-1EE8720FF19A}.Release|Any CPU.Build.0 = Release|Any CPU
	EndGlobalSection
	GlobalSection(SolutionProperties) = preSolution
		HideSolutionNode = FALSE
	EndGlobalSection
	GlobalSection(ExtensibilityGlobals) = postSolution
		SolutionGuid = {0328034D-713D-42A9-8E55-02CD5B227271}
	EndGlobalSection
EndGlobal
